
Microsoft Visual Studio Solution File, Format Version 12.00
# Visual Studio 15
VisualStudioVersion = 15.0.27428.1
MinimumVisualStudioVersion = 10.0.40219.1
Project("{9092AA53-FB77-4645-B42D-1CCCA6BD08BD}") = "SampleWebApp", "SampleWebApp.njsproj", "{911A411E-56C6-4F3B-BB3B-778D07D0D0AB}"
EndProject
Global
	GlobalSection(SolutionConfigurationPlatforms) = preSolution
		Debug|Any CPU = Debug|Any CPU
		Release|Any CPU = Release|Any CPU
	EndGlobalSection
	GlobalSection(ProjectConfigurationPlatforms) = postSolution
		{911A411E-56C6-4F3B-BB3B-778D07D0D0AB}.Debug|Any CPU.ActiveCfg = Debug|Any CPU
		{911A411E-56C6-4F3B-BB3B-778D07D0D0AB}.Debug|Any CPU.Build.0 = Debug|Any CPU
		{911A411E-56C6-4F3B-BB3B-778D07D0D0AB}.Release|Any CPU.ActiveCfg = Release|Any CPU
		{911A411E-56C6-4F3B-BB3B-778D07D0D0AB}.Release|Any CPU.Build.0 = Release|Any CPU
	EndGlobalSection
	GlobalSection(SolutionProperties) = preSolution
		HideSolutionNode = FALSE
	EndGlobalSection
	GlobalSection(ExtensibilityGlobals) = postSolution
		SolutionGuid = {51468C1D-12C6-4D00-82DC-A635D4A8CC57}
	EndGlobalSection
EndGlobal
